
Microsoft Visual Studio Solution File, Format Version 12.00
# Visual Studio 14
VisualStudioVersion = 14.0.25420.1
MinimumVisualStudioVersion = 10.0.40219.1
Project("{FAE04EC0-301F-11D3-BF4B-00C04F79EFBC}") = "BoyfriendApp", "BoyfriendApp\BoyfriendApp\BoyfriendApp.csproj", "{B4DE4F57-A960-477D-839E-63A76DC67731}"
EndProject
Project("{FAE04EC0-301F-11D3-BF4B-00C04F79EFBC}") = "BoyfriendApp.Droid", "BoyfriendApp\BoyfriendApp.Droid\BoyfriendApp.Droid.csproj", "{C48B9205-FEC7-4114-8CC3-B449A567913A}"
EndProject
Project("{FAE04EC0-301F-11D3-BF4B-00C04F79EFBC}") = "BoyfriendApp.iOS", "BoyfriendApp\BoyfriendApp.iOS\BoyfriendApp.iOS.csproj", "{519D3E8D-F5FF-4093-A505-D910984F5017}"
EndProject
Project("{FAE04EC0-301F-11D3-BF4B-00C04F79EFBC}") = "BoyfriendApp.WinPhone", "BoyfriendApp\BoyfriendApp.WinPhone\BoyfriendApp.WinPhone.csproj", "{80DF4356-38DA-465D-87C4-AD718EEC208E}"
EndProject
Project("{FAE04EC0-301F-11D3-BF4B-00C04F79EFBC}") = "BoyfriendApp.UWP", "BoyfriendApp\BoyfriendApp.UWP\BoyfriendApp.UWP.csproj", "{0B126C1C-7D91-4F85-8B24-898C2AD020E2}"
EndProject
Project("{FAE04EC0-301F-11D3-BF4B-00C04F79EFBC}") = "BoyfriendApp.Windows", "BoyfriendApp\BoyfriendApp.Windows\BoyfriendApp.Windows.csproj", "{65A163A5-8ADA-41DC-9CD8-C9BAD7A99B9C}"
EndProject
Global
	GlobalSection(SolutionConfigurationPlatforms) = preSolution
		Ad-Hoc|Any CPU = Ad-Hoc|Any CPU
		Ad-Hoc|ARM = Ad-Hoc|ARM
		Ad-Hoc|iPhone = Ad-Hoc|iPhone
		Ad-Hoc|iPhoneSimulator = Ad-Hoc|iPhoneSimulator
		Ad-Hoc|x64 = Ad-Hoc|x64
		Ad-Hoc|x86 = Ad-Hoc|x86
		AppStore|Any CPU = AppStore|Any CPU
		AppStore|ARM = AppStore|ARM
		AppStore|iPhone = AppStore|iPhone
		AppStore|iPhoneSimulator = AppStore|iPhoneSimulator
		AppStore|x64 = AppStore|x64
		AppStore|x86 = AppStore|x86
		Debug|Any CPU = Debug|Any CPU
		Debug|ARM = Debug|ARM
		Debug|iPhone = Debug|iPhone
		Debug|iPhoneSimulator = Debug|iPhoneSimulator
		Debug|x64 = Debug|x64
		Debug|x86 = Debug|x86
		Release|Any CPU = Release|Any CPU
		Release|ARM = Release|ARM
		Release|iPhone = Release|iPhone
		Release|iPhoneSimulator = Release|iPhoneSimulator
		Release|x64 = Release|x64
		Release|x86 = Release|x86
	EndGlobalSection
	GlobalSection(ProjectConfigurationPlatforms) = postSolution
		{B4DE4F57-A960-477D-839E-63A76DC67731}.Ad-Hoc|Any CPU.ActiveCfg = Release|Any CPU
		{B4DE4F57-A960-477D-839E-63A76DC67731}.Ad-Hoc|Any CPU.Build.0 = Release|Any CPU
		{B4DE4F57-A960-477D-839E-63A76DC67731}.Ad-Hoc|ARM.ActiveCfg = Release|Any CPU
		{B4DE4F57-A960-477D-839E-63A76DC67731}.Ad-Hoc|ARM.Build.0 = Release|Any CPU
		{B4DE4F57-A960-477D-839E-63A76DC67731}.Ad-Hoc|iPhone.ActiveCfg = Release|Any CPU
		{B4DE4F57-A960-477D-839E-63A76DC67731}.Ad-Hoc|iPhone.Build.0 = Release|Any CPU
		{B4DE4F57-A960-477D-839E-63A76DC67731}.Ad-Hoc|iPhoneSimulator.ActiveCfg = Release|Any CPU
		{B4DE4F57-A960-477D-839E-63A76DC67731}.Ad-Hoc|iPhoneSimulator.Build.0 = Release|Any CPU
		{B4DE4F57-A960-477D-839E-63A76DC67731}.Ad-Hoc|x64.ActiveCfg = Release|Any CPU
		{B4DE4F57-A960-477D-839E-63A76DC67731}.Ad-Hoc|x64.Build.0 = Release|Any CPU
		{B4DE4F57-A960-477D-839E-63A76DC67731}.Ad-Hoc|x86.ActiveCfg = Release|Any CPU
		{B4DE4F57-A960-477D-839E-63A76DC67731}.Ad-Hoc|x86.Build.0 = Release|Any CPU
		{B4DE4F57-A960-477D-839E-63A76DC67731}.AppStore|Any CPU.ActiveCfg = Release|Any CPU
		{B4DE4F57-A960-477D-839E-63A76DC67731}.AppStore|Any CPU.Build.0 = Release|Any CPU
		{B4DE4F57-A960-477D-839E-63A76DC67731}.AppStore|ARM.ActiveCfg = Release|Any CPU
		{B4DE4F57-A960-477D-839E-63A76DC67731}.AppStore|ARM.Build.0 = Release|Any CPU
		{B4DE4F57-A960-477D-839E-63A76DC67731}.AppStore|iPhone.ActiveCfg = Release|Any CPU
		{B4DE4F57-A960-477D-839E-63A76DC67731}.AppStore|iPhone.Build.0 = Release|Any CPU
		{B4DE4F57-A960-477D-839E-63A76DC67731}.AppStore|iPhoneSimulator.ActiveCfg = Release|Any CPU
		{B4DE4F57-A960-477D-839E-63A76DC67731}.AppStore|iPhoneSimulator.Build.0 = Release|Any CPU
		{B4DE4F57-A960-477D-839E-63A76DC67731}.AppStore|x64.ActiveCfg = Release|Any CPU
		{B4DE4F57-A960-477D-839E-63A76DC67731}.AppStore|x64.Build.0 = Release|Any CPU
		{B4DE4F57-A960-477D-839E-63A76DC67731}.AppStore|x86.ActiveCfg = Release|Any CPU
		{B4DE4F57-A960-477D-839E-63A76DC67731}.AppStore|x86.Build.0 = Release|Any CPU
		{B4DE4F57-A960-477D-839E-63A76DC67731}.Debug|Any CPU.ActiveCfg = Debug|Any CPU
		{B4DE4F57-A960-477D-839E-63A76DC67731}.Debug|Any CPU.Build.0 = Debug|Any CPU
		{B4DE4F57-A960-477D-839E-63A76DC67731}.Debug|ARM.ActiveCfg = Debug|Any CPU
		{B4DE4F57-A960-477D-839E-63A76DC67731}.Debug|ARM.Build.0 = Debug|Any CPU
		{B4DE4F57-A960-477D-839E-63A76DC67731}.Debug|iPhone.ActiveCfg = Debug|Any CPU
		{B4DE4F57-A960-477D-839E-63A76DC67731}.Debug|iPhone.Build.0 = Debug|Any CPU
		{B4DE4F57-A960-477D-839E-63A76DC67731}.Debug|iPhoneSimulator.ActiveCfg = Debug|Any CPU
		{B4DE4F57-A960-477D-839E-63A76DC67731}.Debug|iPhoneSimulator.Build.0 = Debug|Any CPU
		{B4DE4F57-A960-477D-839E-63A76DC67731}.Debug|x64.ActiveCfg = Debug|Any CPU
		{B4DE4F57-A960-477D-839E-63A76DC67731}.Debug|x64.Build.0 = Debug|Any CPU
		{B4DE4F57-A960-477D-839E-63A76DC67731}.Debug|x86.ActiveCfg = Debug|Any CPU
		{B4DE4F57-A960-477D-839E-63A76DC67731}.Debug|x86.Build.0 = Debug|Any CPU
		{B4DE4F57-A960-477D-839E-63A76DC67731}.Release|Any CPU.ActiveCfg = Release|Any CPU
		{B4DE4F57-A960-477D-839E-63A76DC67731}.Release|Any CPU.Build.0 = Release|Any CPU
		{B4DE4F57-A960-477D-839E-63A76DC67731}.Release|ARM.ActiveCfg = Release|Any CPU
		{B4DE4F57-A960-477D-839E-63A76DC67731}.Release|ARM.Build.0 = Release|Any CPU
		{B4DE4F57-A960-477D-839E-63A76DC67731}.Release|iPhone.ActiveCfg = Release|Any CPU
		{B4DE4F57-A960-477D-839E-63A76DC67731}.Release|iPhone.Build.0 = Release|Any CPU
		{B4DE4F57-A960-477D-839E-63A76DC67731}.Release|iPhoneSimulator.ActiveCfg = Release|Any CPU
		{B4DE4F57-A960-477D-839E-63A76DC67731}.Release|iPhoneSimulator.Build.0 = Release|Any CPU
		{B4DE4F57-A960-477D-839E-63A76DC67731}.Release|x64.ActiveCfg = Release|Any CPU
		{B4DE4F57-A960-477D-839E-63A76DC67731}.Release|x64.Build.0 = Release|Any CPU
		{B4DE4F57-A960-477D-839E-63A76DC67731}.Release|x86.ActiveCfg = Release|Any CPU
		{B4DE4F57-A960-477D-839E-63A76DC67731}.Release|x86.Build.0 = Release|Any CPU
		{C48B9205-FEC7-4114-8CC3-B449A567913A}.Ad-Hoc|Any CPU.ActiveCfg = Release|Any CPU
		{C48B9205-FEC7-4114-8CC3-B449A567913A}.Ad-Hoc|Any CPU.Build.0 = Release|Any CPU
		{C48B9205-FEC7-4114-8CC3-B449A567913A}.Ad-Hoc|Any CPU.Deploy.0 = Release|Any CPU
		{C48B9205-FEC7-4114-8CC3-B449A567913A}.Ad-Hoc|ARM.ActiveCfg = Release|Any CPU
		{C48B9205-FEC7-4114-8CC3-B449A567913A}.Ad-Hoc|ARM.Build.0 = Release|Any CPU
		{C48B9205-FEC7-4114-8CC3-B449A567913A}.Ad-Hoc|ARM.Deploy.0 = Release|Any CPU
		{C48B9205-FEC7-4114-8CC3-B449A567913A}.Ad-Hoc|iPhone.ActiveCfg = Release|Any CPU
		{C48B9205-FEC7-4114-8CC3-B449A567913A}.Ad-Hoc|iPhone.Build.0 = Release|Any CPU
		{C48B9205-FEC7-4114-8CC3-B449A567913A}.Ad-Hoc|iPhone.Deploy.0 = Release|Any CPU
		{C48B9205-FEC7-4114-8CC3-B449A567913A}.Ad-Hoc|iPhoneSimulator.ActiveCfg = Release|Any CPU
		{C48B9205-FEC7-4114-8CC3-B449A567913A}.Ad-Hoc|iPhoneSimulator.Build.0 = Release|Any CPU
		{C48B9205-FEC7-4114-8CC3-B449A567913A}.Ad-Hoc|iPhoneSimulator.Deploy.0 = Release|Any CPU
		{C48B9205-FEC7-4114-8CC3-B449A567913A}.Ad-Hoc|x64.ActiveCfg = Release|Any CPU
		{C48B9205-FEC7-4114-8CC3-B449A567913A}.Ad-Hoc|x64.Build.0 = Release|Any CPU
		{C48B9205-FEC7-4114-8CC3-B449A567913A}.Ad-Hoc|x64.Deploy.0 = Release|Any CPU
		{C48B9205-FEC7-4114-8CC3-B449A567913A}.Ad-Hoc|x86.ActiveCfg = Release|Any CPU
		{C48B9205-FEC7-4114-8CC3-B449A567913A}.Ad-Hoc|x86.Build.0 = Release|Any CPU
		{C48B9205-FEC7-4114-8CC3-B449A567913A}.Ad-Hoc|x86.Deploy.0 = Release|Any CPU
		{C48B9205-FEC7-4114-8CC3-B449A567913A}.AppStore|Any CPU.ActiveCfg = Release|Any CPU
		{C48B9205-FEC7-4114-8CC3-B449A567913A}.AppStore|Any CPU.Build.0 = Release|Any CPU
		{C48B9205-FEC7-4114-8CC3-B449A567913A}.AppStore|Any CPU.Deploy.0 = Release|Any CPU
		{C48B9205-FEC7-4114-8CC3-B449A567913A}.AppStore|ARM.ActiveCfg = Release|Any CPU
		{C48B9205-FEC7-4114-8CC3-B449A567913A}.AppStore|ARM.Build.0 = Release|Any CPU
		{C48B9205-FEC7-4114-8CC3-B449A567913A}.AppStore|ARM.Deploy.0 = Release|Any CPU
		{C48B9205-FEC7-4114-8CC3-B449A567913A}.AppStore|iPhone.ActiveCfg = Release|Any CPU
		{C48B9205-FEC7-4114-8CC3-B449A567913A}.AppStore|iPhone.Build.0 = Release|Any CPU
		{C48B9205-FEC7-4114-8CC3-B449A567913A}.AppStore|iPhone.Deploy.0 = Release|Any CPU
		{C48B9205-FEC7-4114-8CC3-B449A567913A}.AppStore|iPhoneSimulator.ActiveCfg = Release|Any CPU
		{C48B9205-FEC7-4114-8CC3-B449A567913A}.AppStore|iPhoneSimulator.Build.0 = Release|Any CPU
		{C48B9205-FEC7-4114-8CC3-B449A567913A}.AppStore|iPhoneSimulator.Deploy.0 = Release|Any CPU
		{C48B9205-FEC7-4114-8CC3-B449A567913A}.AppStore|x64.ActiveCfg = Release|Any CPU
		{C48B9205-FEC7-4114-8CC3-B449A567913A}.AppStore|x64.Build.0 = Release|Any CPU
		{C48B9205-FEC7-4114-8CC3-B449A567913A}.AppStore|x64.Deploy.0 = Release|Any CPU
		{C48B9205-FEC7-4114-8CC3-B449A567913A}.AppStore|x86.ActiveCfg = Release|Any CPU
		{C48B9205-FEC7-4114-8CC3-B449A567913A}.AppStore|x86.Build.0 = Release|Any CPU
		{C48B9205-FEC7-4114-8CC3-B449A567913A}.AppStore|x86.Deploy.0 = Release|Any CPU
		{C48B9205-FEC7-4114-8CC3-B449A567913A}.Debug|Any CPU.ActiveCfg = Debug|Any CPU
		{C48B9205-FEC7-4114-8CC3-B449A567913A}.Debug|Any CPU.Build.0 = Debug|Any CPU
		{C48B9205-FEC7-4114-8CC3-B449A567913A}.Debug|Any CPU.Deploy.0 = Debug|Any CPU
		{C48B9205-FEC7-4114-8CC3-B449A567913A}.Debug|ARM.ActiveCfg = Debug|Any CPU
		{C48B9205-FEC7-4114-8CC3-B449A567913A}.Debug|ARM.Build.0 = Debug|Any CPU
		{C48B9205-FEC7-4114-8CC3-B449A567913A}.Debug|ARM.Deploy.0 = Debug|Any CPU
		{C48B9205-FEC7-4114-8CC3-B449A567913A}.Debug|iPhone.ActiveCfg = Debug|Any CPU
		{C48B9205-FEC7-4114-8CC3-B449A567913A}.Debug|iPhone.Build.0 = Debug|Any CPU
		{C48B9205-FEC7-4114-8CC3-B449A567913A}.Debug|iPhone.Deploy.0 = Debug|Any CPU
		{C48B9205-FEC7-4114-8CC3-B449A567913A}.Debug|iPhoneSimulator.ActiveCfg = Debug|Any CPU
		{C48B9205-FEC7-4114-8CC3-B449A567913A}.Debug|iPhoneSimulator.Build.0 = Debug|Any CPU
		{C48B9205-FEC7-4114-8CC3-B449A567913A}.Debug|iPhoneSimulator.Deploy.0 = Debug|Any CPU
		{C48B9205-FEC7-4114-8CC3-B449A567913A}.Debug|x64.ActiveCfg = Debug|Any CPU
		{C48B9205-FEC7-4114-8CC3-B449A567913A}.Debug|x64.Build.0 = Debug|Any CPU
		{C48B9205-FEC7-4114-8CC3-B449A567913A}.Debug|x64.Deploy.0 = Debug|Any CPU
		{C48B9205-FEC7-4114-8CC3-B449A567913A}.Debug|x86.ActiveCfg = Debug|Any CPU
		{C48B9205-FEC7-4114-8CC3-B449A567913A}.Debug|x86.Build.0 = Debug|Any CPU
		{C48B9205-FEC7-4114-8CC3-B449A567913A}.Debug|x86.Deploy.0 = Debug|Any CPU
		{C48B9205-FEC7-4114-8CC3-B449A567913A}.Release|Any CPU.ActiveCfg = Release|Any CPU
		{C48B9205-FEC7-4114-8CC3-B449A567913A}.Release|Any CPU.Build.0 = Release|Any CPU
		{C48B9205-FEC7-4114-8CC3-B449A567913A}.Release|Any CPU.Deploy.0 = Release|Any CPU
		{C48B9205-FEC7-4114-8CC3-B449A567913A}.Release|ARM.ActiveCfg = Release|Any CPU
		{C48B9205-FEC7-4114-8CC3-B449A567913A}.Release|ARM.Build.0 = Release|Any CPU
		{C48B9205-FEC7-4114-8CC3-B449A567913A}.Release|ARM.Deploy.0 = Release|Any CPU
		{C48B9205-FEC7-4114-8CC3-B449A567913A}.Release|iPhone.ActiveCfg = Release|Any CPU
		{C48B9205-FEC7-4114-8CC3-B449A567913A}.Release|iPhone.Build.0 = Release|Any CPU
		{C48B9205-FEC7-4114-8CC3-B449A567913A}.Release|iPhone.Deploy.0 = Release|Any CPU
		{C48B9205-FEC7-4114-8CC3-B449A567913A}.Release|iPhoneSimulator.ActiveCfg = Release|Any CPU
		{C48B9205-FEC7-4114-8CC3-B449A567913A}.Release|iPhoneSimulator.Build.0 = Release|Any CPU
		{C48B9205-FEC7-4114-8CC3-B449A567913A}.Release|iPhoneSimulator.Deploy.0 = Release|Any CPU
		{C48B9205-FEC7-4114-8CC3-B449A567913A}.Release|x64.ActiveCfg = Release|Any CPU
		{C48B9205-FEC7-4114-8CC3-B449A567913A}.Release|x64.Build.0 = Release|Any CPU
		{C48B9205-FEC7-4114-8CC3-B449A567913A}.Release|x64.Deploy.0 = Release|Any CPU
		{C48B9205-FEC7-4114-8CC3-B449A567913A}.Release|x86.ActiveCfg = Release|Any CPU
		{C48B9205-FEC7-4114-8CC3-B449A567913A}.Release|x86.Build.0 = Release|Any CPU
		{C48B9205-FEC7-4114-8CC3-B449A567913A}.Release|x86.Deploy.0 = Release|Any CPU
		{519D3E8D-F5FF-4093-A505-D910984F5017}.Ad-Hoc|Any CPU.ActiveCfg = Ad-Hoc|iPhone
		{519D3E8D-F5FF-4093-A505-D910984F5017}.Ad-Hoc|ARM.ActiveCfg = Ad-Hoc|iPhone
		{519D3E8D-F5FF-4093-A505-D910984F5017}.Ad-Hoc|iPhone.ActiveCfg = Ad-Hoc|iPhone
		{519D3E8D-F5FF-4093-A505-D910984F5017}.Ad-Hoc|iPhone.Build.0 = Ad-Hoc|iPhone
		{519D3E8D-F5FF-4093-A505-D910984F5017}.Ad-Hoc|iPhoneSimulator.ActiveCfg = Ad-Hoc|iPhoneSimulator
		{519D3E8D-F5FF-4093-A505-D910984F5017}.Ad-Hoc|iPhoneSimulator.Build.0 = Ad-Hoc|iPhoneSimulator
		{519D3E8D-F5FF-4093-A505-D910984F5017}.Ad-Hoc|x64.ActiveCfg = Ad-Hoc|iPhone
		{519D3E8D-F5FF-4093-A505-D910984F5017}.Ad-Hoc|x86.ActiveCfg = Ad-Hoc|iPhone
		{519D3E8D-F5FF-4093-A505-D910984F5017}.AppStore|Any CPU.ActiveCfg = AppStore|iPhone
		{519D3E8D-F5FF-4093-A505-D910984F5017}.AppStore|ARM.ActiveCfg = AppStore|iPhone
		{519D3E8D-F5FF-4093-A505-D910984F5017}.AppStore|iPhone.ActiveCfg = AppStore|iPhone
		{519D3E8D-F5FF-4093-A505-D910984F5017}.AppStore|iPhone.Build.0 = AppStore|iPhone
		{519D3E8D-F5FF-4093-A505-D910984F5017}.AppStore|iPhoneSimulator.ActiveCfg = AppStore|iPhoneSimulator
		{519D3E8D-F5FF-4093-A505-D910984F5017}.AppStore|iPhoneSimulator.Build.0 = AppStore|iPhoneSimulator
		{519D3E8D-F5FF-4093-A505-D910984F5017}.AppStore|x64.ActiveCfg = AppStore|iPhone
		{519D3E8D-F5FF-4093-A505-D910984F5017}.AppStore|x86.ActiveCfg = AppStore|iPhone
		{519D3E8D-F5FF-4093-A505-D910984F5017}.Debug|Any CPU.ActiveCfg = Debug|iPhone
		{519D3E8D-F5FF-4093-A505-D910984F5017}.Debug|ARM.ActiveCfg = Debug|iPhone
		{519D3E8D-F5FF-4093-A505-D910984F5017}.Debug|iPhone.ActiveCfg = Debug|iPhone
		{519D3E8D-F5FF-4093-A505-D910984F5017}.Debug|iPhone.Build.0 = Debug|iPhone
		{519D3E8D-F5FF-4093-A505-D910984F5017}.Debug|iPhoneSimulator.ActiveCfg = Debug|iPhoneSimulator
		{519D3E8D-F5FF-4093-A505-D910984F5017}.Debug|iPhoneSimulator.Build.0 = Debug|iPhoneSimulator
		{519D3E8D-F5FF-4093-A505-D910984F5017}.Debug|x64.ActiveCfg = Debug|iPhone
		{519D3E8D-F5FF-4093-A505-D910984F5017}.Debug|x86.ActiveCfg = Debug|iPhone
		{519D3E8D-F5FF-4093-A505-D910984F5017}.Release|Any CPU.ActiveCfg = Release|iPhone
		{519D3E8D-F5FF-4093-A505-D910984F5017}.Release|ARM.ActiveCfg = Release|iPhone
		{519D3E8D-F5FF-4093-A505-D910984F5017}.Release|iPhone.ActiveCfg = Release|iPhone
		{519D3E8D-F5FF-4093-A505-D910984F5017}.Release|iPhone.Build.0 = Release|iPhone
		{519D3E8D-F5FF-4093-A505-D910984F5017}.Release|iPhoneSimulator.ActiveCfg = Release|iPhoneSimulator
		{519D3E8D-F5FF-4093-A505-D910984F5017}.Release|iPhoneSimulator.Build.0 = Release|iPhoneSimulator
		{519D3E8D-F5FF-4093-A505-D910984F5017}.Release|x64.ActiveCfg = Release|iPhone
		{519D3E8D-F5FF-4093-A505-D910984F5017}.Release|x86.ActiveCfg = Release|iPhone
		{80DF4356-38DA-465D-87C4-AD718EEC208E}.Ad-Hoc|Any CPU.ActiveCfg = Release|Any CPU
		{80DF4356-38DA-465D-87C4-AD718EEC208E}.Ad-Hoc|Any CPU.Build.0 = Release|Any CPU
		{80DF4356-38DA-465D-87C4-AD718EEC208E}.Ad-Hoc|Any CPU.Deploy.0 = Release|Any CPU
		{80DF4356-38DA-465D-87C4-AD718EEC208E}.Ad-Hoc|ARM.ActiveCfg = Release|ARM
		{80DF4356-38DA-465D-87C4-AD718EEC208E}.Ad-Hoc|ARM.Build.0 = Release|ARM
		{80DF4356-38DA-465D-87C4-AD718EEC208E}.Ad-Hoc|ARM.Deploy.0 = Release|ARM
		{80DF4356-38DA-465D-87C4-AD718EEC208E}.Ad-Hoc|iPhone.ActiveCfg = Release|Any CPU
		{80DF4356-38DA-465D-87C4-AD718EEC208E}.Ad-Hoc|iPhone.Build.0 = Release|Any CPU
		{80DF4356-38DA-465D-87C4-AD718EEC208E}.Ad-Hoc|iPhone.Deploy.0 = Release|Any CPU
		{80DF4356-38DA-465D-87C4-AD718EEC208E}.Ad-Hoc|iPhoneSimulator.ActiveCfg = Release|Any CPU
		{80DF4356-38DA-465D-87C4-AD718EEC208E}.Ad-Hoc|iPhoneSimulator.Build.0 = Release|Any CPU
		{80DF4356-38DA-465D-87C4-AD718EEC208E}.Ad-Hoc|iPhoneSimulator.Deploy.0 = Release|Any CPU
		{80DF4356-38DA-465D-87C4-AD718EEC208E}.Ad-Hoc|x64.ActiveCfg = Release|Any CPU
		{80DF4356-38DA-465D-87C4-AD718EEC208E}.Ad-Hoc|x64.Build.0 = Release|Any CPU
		{80DF4356-38DA-465D-87C4-AD718EEC208E}.Ad-Hoc|x64.Deploy.0 = Release|Any CPU
		{80DF4356-38DA-465D-87C4-AD718EEC208E}.Ad-Hoc|x86.ActiveCfg = Release|x86
		{80DF4356-38DA-465D-87C4-AD718EEC208E}.Ad-Hoc|x86.Build.0 = Release|x86
		{80DF4356-38DA-465D-87C4-AD718EEC208E}.Ad-Hoc|x86.Deploy.0 = Release|x86
		{80DF4356-38DA-465D-87C4-AD718EEC208E}.AppStore|Any CPU.ActiveCfg = Release|Any CPU
		{80DF4356-38DA-465D-87C4-AD718EEC208E}.AppStore|Any CPU.Build.0 = Release|Any CPU
		{80DF4356-38DA-465D-87C4-AD718EEC208E}.AppStore|Any CPU.Deploy.0 = Release|Any CPU
		{80DF4356-38DA-465D-87C4-AD718EEC208E}.AppStore|ARM.ActiveCfg = Release|ARM
		{80DF4356-38DA-465D-87C4-AD718EEC208E}.AppStore|ARM.Build.0 = Release|ARM
		{80DF4356-38DA-465D-87C4-AD718EEC208E}.AppStore|ARM.Deploy.0 = Release|ARM
		{80DF4356-38DA-465D-87C4-AD718EEC208E}.AppStore|iPhone.ActiveCfg = Release|Any CPU
		{80DF4356-38DA-465D-87C4-AD718EEC208E}.AppStore|iPhone.Build.0 = Release|Any CPU
		{80DF4356-38DA-465D-87C4-AD718EEC208E}.AppStore|iPhone.Deploy.0 = Release|Any CPU
		{80DF4356-38DA-465D-87C4-AD718EEC208E}.AppStore|iPhoneSimulator.ActiveCfg = Release|Any CPU
		{80DF4356-38DA-465D-87C4-AD718EEC208E}.AppStore|iPhoneSimulator.Build.0 = Release|Any CPU
		{80DF4356-38DA-465D-87C4-AD718EEC208E}.AppStore|iPhoneSimulator.Deploy.0 = Release|Any CPU
		{80DF4356-38DA-465D-87C4-AD718EEC208E}.AppStore|x64.ActiveCfg = Release|Any CPU
		{80DF4356-38DA-465D-87C4-AD718EEC208E}.AppStore|x64.Build.0 = Release|Any CPU
		{80DF4356-38DA-465D-87C4-AD718EEC208E}.AppStore|x64.Deploy.0 = Release|Any CPU
		{80DF4356-38DA-465D-87C4-AD718EEC208E}.AppStore|x86.ActiveCfg = Release|x86
		{80DF4356-38DA-465D-87C4-AD718EEC208E}.AppStore|x86.Build.0 = Release|x86
		{80DF4356-38DA-465D-87C4-AD718EEC208E}.AppStore|x86.Deploy.0 = Release|x86
		{80DF4356-38DA-465D-87C4-AD718EEC208E}.Debug|Any CPU.ActiveCfg = Debug|Any CPU
		{80DF4356-38DA-465D-87C4-AD718EEC208E}.Debug|Any CPU.Build.0 = Debug|Any CPU
		{80DF4356-38DA-465D-87C4-AD718EEC208E}.Debug|Any CPU.Deploy.0 = Debug|Any CPU
		{80DF4356-38DA-465D-87C4-AD718EEC208E}.Debug|ARM.ActiveCfg = Debug|ARM
		{80DF4356-38DA-465D-87C4-AD718EEC208E}.Debug|ARM.Build.0 = Debug|ARM
		{80DF4356-38DA-465D-87C4-AD718EEC208E}.Debug|ARM.Deploy.0 = Debug|ARM
		{80DF4356-38DA-465D-87C4-AD718EEC208E}.Debug|iPhone.ActiveCfg = Debug|Any CPU
		{80DF4356-38DA-465D-87C4-AD718EEC208E}.Debug|iPhone.Build.0 = Debug|Any CPU
		{80DF4356-38DA-465D-87C4-AD718EEC208E}.Debug|iPhone.Deploy.0 = Debug|Any CPU
		{80DF4356-38DA-465D-87C4-AD718EEC208E}.Debug|iPhoneSimulator.ActiveCfg = Debug|Any CPU
		{80DF4356-38DA-465D-87C4-AD718EEC208E}.Debug|iPhoneSimulator.Build.0 = Debug|Any CPU
		{80DF4356-38DA-465D-87C4-AD718EEC208E}.Debug|iPhoneSimulator.Deploy.0 = Debug|Any CPU
		{80DF4356-38DA-465D-87C4-AD718EEC208E}.Debug|x64.ActiveCfg = Debug|Any CPU
		{80DF4356-38DA-465D-87C4-AD718EEC208E}.Debug|x64.Build.0 = Debug|Any CPU
		{80DF4356-38DA-465D-87C4-AD718EEC208E}.Debug|x64.Deploy.0 = Debug|Any CPU
		{80DF4356-38DA-465D-87C4-AD718EEC208E}.Debug|x86.ActiveCfg = Debug|x86
		{80DF4356-38DA-465D-87C4-AD718EEC208E}.Debug|x86.Build.0 = Debug|x86
		{80DF4356-38DA-465D-87C4-AD718EEC208E}.Debug|x86.Deploy.0 = Debug|x86
		{80DF4356-38DA-465D-87C4-AD718EEC208E}.Release|Any CPU.ActiveCfg = Release|Any CPU
		{80DF4356-38DA-465D-87C4-AD718EEC208E}.Release|Any CPU.Build.0 = Release|Any CPU
		{80DF4356-38DA-465D-87C4-AD718EEC208E}.Release|Any CPU.Deploy.0 = Release|Any CPU
		{80DF4356-38DA-465D-87C4-AD718EEC208E}.Release|ARM.ActiveCfg = Release|ARM
		{80DF4356-38DA-465D-87C4-AD718EEC208E}.Release|ARM.Build.0 = Release|ARM
		{80DF4356-38DA-465D-87C4-AD718EEC208E}.Release|ARM.Deploy.0 = Release|ARM
		{80DF4356-38DA-465D-87C4-AD718EEC208E}.Release|iPhone.ActiveCfg = Release|Any CPU
		{80DF4356-38DA-465D-87C4-AD718EEC208E}.Release|iPhone.Build.0 = Release|Any CPU
		{80DF4356-38DA-465D-87C4-AD718EEC208E}.Release|iPhone.Deploy.0 = Release|Any CPU
		{80DF4356-38DA-465D-87C4-AD718EEC208E}.Release|iPhoneSimulator.ActiveCfg = Release|Any CPU
		{80DF4356-38DA-465D-87C4-AD718EEC208E}.Release|iPhoneSimulator.Build.0 = Release|Any CPU
		{80DF4356-38DA-465D-87C4-AD718EEC208E}.Release|iPhoneSimulator.Deploy.0 = Release|Any CPU
		{80DF4356-38DA-465D-87C4-AD718EEC208E}.Release|x64.ActiveCfg = Release|Any CPU
		{80DF4356-38DA-465D-87C4-AD718EEC208E}.Release|x64.Build.0 = Release|Any CPU
		{80DF4356-38DA-465D-87C4-AD718EEC208E}.Release|x64.Deploy.0 = Release|Any CPU
		{80DF4356-38DA-465D-87C4-AD718EEC208E}.Release|x86.ActiveCfg = Release|x86
		{80DF4356-38DA-465D-87C4-AD718EEC208E}.Release|x86.Build.0 = Release|x86
		{80DF4356-38DA-465D-87C4-AD718EEC208E}.Release|x86.Deploy.0 = Release|x86
		{0B126C1C-7D91-4F85-8B24-898C2AD020E2}.Ad-Hoc|Any CPU.ActiveCfg = Release|x86
		{0B126C1C-7D91-4F85-8B24-898C2AD020E2}.Ad-Hoc|Any CPU.Build.0 = Release|x86
		{0B126C1C-7D91-4F85-8B24-898C2AD020E2}.Ad-Hoc|Any CPU.Deploy.0 = Release|x86
		{0B126C1C-7D91-4F85-8B24-898C2AD020E2}.Ad-Hoc|ARM.ActiveCfg = Release|ARM
		{0B126C1C-7D91-4F85-8B24-898C2AD020E2}.Ad-Hoc|ARM.Build.0 = Release|ARM
		{0B126C1C-7D91-4F85-8B24-898C2AD020E2}.Ad-Hoc|ARM.Deploy.0 = Release|ARM
		{0B126C1C-7D91-4F85-8B24-898C2AD020E2}.Ad-Hoc|iPhone.ActiveCfg = Release|x86
		{0B126C1C-7D91-4F85-8B24-898C2AD020E2}.Ad-Hoc|iPhone.Build.0 = Release|x86
		{0B126C1C-7D91-4F85-8B24-898C2AD020E2}.Ad-Hoc|iPhone.Deploy.0 = Release|x86
		{0B126C1C-7D91-4F85-8B24-898C2AD020E2}.Ad-Hoc|iPhoneSimulator.ActiveCfg = Release|x86
		{0B126C1C-7D91-4F85-8B24-898C2AD020E2}.Ad-Hoc|iPhoneSimulator.Build.0 = Release|x86
		{0B126C1C-7D91-4F85-8B24-898C2AD020E2}.Ad-Hoc|iPhoneSimulator.Deploy.0 = Release|x86
		{0B126C1C-7D91-4F85-8B24-898C2AD020E2}.Ad-Hoc|x64.ActiveCfg = Release|x64
		{0B126C1C-7D91-4F85-8B24-898C2AD020E2}.Ad-Hoc|x64.Build.0 = Release|x64
		{0B126C1C-7D91-4F85-8B24-898C2AD020E2}.Ad-Hoc|x64.Deploy.0 = Release|x64
		{0B126C1C-7D91-4F85-8B24-898C2AD020E2}.Ad-Hoc|x86.ActiveCfg = Release|x86
		{0B126C1C-7D91-4F85-8B24-898C2AD020E2}.Ad-Hoc|x86.Build.0 = Release|x86
		{0B126C1C-7D91-4F85-8B24-898C2AD020E2}.Ad-Hoc|x86.Deploy.0 = Release|x86
		{0B126C1C-7D91-4F85-8B24-898C2AD020E2}.AppStore|Any CPU.ActiveCfg = Release|x86
		{0B126C1C-7D91-4F85-8B24-898C2AD020E2}.AppStore|Any CPU.Build.0 = Release|x86
		{0B126C1C-7D91-4F85-8B24-898C2AD020E2}.AppStore|Any CPU.Deploy.0 = Release|x86
		{0B126C1C-7D91-4F85-8B24-898C2AD020E2}.AppStore|ARM.ActiveCfg = Release|ARM
		{0B126C1C-7D91-4F85-8B24-898C2AD020E2}.AppStore|ARM.Build.0 = Release|ARM
		{0B126C1C-7D91-4F85-8B24-898C2AD020E2}.AppStore|ARM.Deploy.0 = Release|ARM
		{0B126C1C-7D91-4F85-8B24-898C2AD020E2}.AppStore|iPhone.ActiveCfg = Release|x86
		{0B126C1C-7D91-4F85-8B24-898C2AD020E2}.AppStore|iPhone.Build.0 = Release|x86
		{0B126C1C-7D91-4F85-8B24-898C2AD020E2}.AppStore|iPhone.Deploy.0 = Release|x86
		{0B126C1C-7D91-4F85-8B24-898C2AD020E2}.AppStore|iPhoneSimulator.ActiveCfg = Release|x86
		{0B126C1C-7D91-4F85-8B24-898C2AD020E2}.AppStore|iPhoneSimulator.Build.0 = Release|x86
		{0B126C1C-7D91-4F85-8B24-898C2AD020E2}.AppStore|iPhoneSimulator.Deploy.0 = Release|x86
		{0B126C1C-7D91-4F85-8B24-898C2AD020E2}.AppStore|x64.ActiveCfg = Release|x64
		{0B126C1C-7D91-4F85-8B24-898C2AD020E2}.AppStore|x64.Build.0 = Release|x64
		{0B126C1C-7D91-4F85-8B24-898C2AD020E2}.AppStore|x64.Deploy.0 = Release|x64
		{0B126C1C-7D91-4F85-8B24-898C2AD020E2}.AppStore|x86.ActiveCfg = Release|x86
		{0B126C1C-7D91-4F85-8B24-898C2AD020E2}.AppStore|x86.Build.0 = Release|x86
		{0B126C1C-7D91-4F85-8B24-898C2AD020E2}.AppStore|x86.Deploy.0 = Release|x86
		{0B126C1C-7D91-4F85-8B24-898C2AD020E2}.Debug|Any CPU.ActiveCfg = Debug|x86
		{0B126C1C-7D91-4F85-8B24-898C2AD020E2}.Debug|ARM.ActiveCfg = Debug|ARM
		{0B126C1C-7D91-4F85-8B24-898C2AD020E2}.Debug|ARM.Build.0 = Debug|ARM
		{0B126C1C-7D91-4F85-8B24-898C2AD020E2}.Debug|ARM.Deploy.0 = Debug|ARM
		{0B126C1C-7D91-4F85-8B24-898C2AD020E2}.Debug|iPhone.ActiveCfg = Debug|x86
		{0B126C1C-7D91-4F85-8B24-898C2AD020E2}.Debug|iPhoneSimulator.ActiveCfg = Debug|x86
		{0B126C1C-7D91-4F85-8B24-898C2AD020E2}.Debug|x64.ActiveCfg = Debug|x64
		{0B126C1C-7D91-4F85-8B24-898C2AD020E2}.Debug|x64.Build.0 = Debug|x64
		{0B126C1C-7D91-4F85-8B24-898C2AD020E2}.Debug|x64.Deploy.0 = Debug|x64
		{0B126C1C-7D91-4F85-8B24-898C2AD020E2}.Debug|x86.ActiveCfg = Debug|x86
		{0B126C1C-7D91-4F85-8B24-898C2AD020E2}.Debug|x86.Build.0 = Debug|x86
		{0B126C1C-7D91-4F85-8B24-898C2AD020E2}.Debug|x86.Deploy.0 = Debug|x86
		{0B126C1C-7D91-4F85-8B24-898C2AD020E2}.Release|Any CPU.ActiveCfg = Release|x86
		{0B126C1C-7D91-4F85-8B24-898C2AD020E2}.Release|ARM.ActiveCfg = Release|ARM
		{0B126C1C-7D91-4F85-8B24-898C2AD020E2}.Release|ARM.Build.0 = Release|ARM
		{0B126C1C-7D91-4F85-8B24-898C2AD020E2}.Release|ARM.Deploy.0 = Release|ARM
		{0B126C1C-7D91-4F85-8B24-898C2AD020E2}.Release|iPhone.ActiveCfg = Release|x86
		{0B126C1C-7D91-4F85-8B24-898C2AD020E2}.Release|iPhoneSimulator.ActiveCfg = Release|x86
		{0B126C1C-7D91-4F85-8B24-898C2AD020E2}.Release|x64.ActiveCfg = Release|x64
		{0B126C1C-7D91-4F85-8B24-898C2AD020E2}.Release|x64.Build.0 = Release|x64
		{0B126C1C-7D91-4F85-8B24-898C2AD020E2}.Release|x64.Deploy.0 = Release|x64
		{0B126C1C-7D91-4F85-8B24-898C2AD020E2}.Release|x86.ActiveCfg = Release|x86
		{0B126C1C-7D91-4F85-8B24-898C2AD020E2}.Release|x86.Build.0 = Release|x86
		{0B126C1C-7D91-4F85-8B24-898C2AD020E2}.Release|x86.Deploy.0 = Release|x86
		{65A163A5-8ADA-41DC-9CD8-C9BAD7A99B9C}.Ad-Hoc|Any CPU.ActiveCfg = Release|Any CPU
		{65A163A5-8ADA-41DC-9CD8-C9BAD7A99B9C}.Ad-Hoc|Any CPU.Build.0 = Release|Any CPU
		{65A163A5-8ADA-41DC-9CD8-C9BAD7A99B9C}.Ad-Hoc|Any CPU.Deploy.0 = Release|Any CPU
		{65A163A5-8ADA-41DC-9CD8-C9BAD7A99B9C}.Ad-Hoc|ARM.ActiveCfg = Release|ARM
		{65A163A5-8ADA-41DC-9CD8-C9BAD7A99B9C}.Ad-Hoc|ARM.Build.0 = Release|ARM
		{65A163A5-8ADA-41DC-9CD8-C9BAD7A99B9C}.Ad-Hoc|ARM.Deploy.0 = Release|ARM
		{65A163A5-8ADA-41DC-9CD8-C9BAD7A99B9C}.Ad-Hoc|iPhone.ActiveCfg = Release|Any CPU
		{65A163A5-8ADA-41DC-9CD8-C9BAD7A99B9C}.Ad-Hoc|iPhone.Build.0 = Release|Any CPU
		{65A163A5-8ADA-41DC-9CD8-C9BAD7A99B9C}.Ad-Hoc|iPhone.Deploy.0 = Release|Any CPU
		{65A163A5-8ADA-41DC-9CD8-C9BAD7A99B9C}.Ad-Hoc|iPhoneSimulator.ActiveCfg = Release|Any CPU
		{65A163A5-8ADA-41DC-9CD8-C9BAD7A99B9C}.Ad-Hoc|iPhoneSimulator.Build.0 = Release|Any CPU
		{65A163A5-8ADA-41DC-9CD8-C9BAD7A99B9C}.Ad-Hoc|iPhoneSimulator.Deploy.0 = Release|Any CPU
		{65A163A5-8ADA-41DC-9CD8-C9BAD7A99B9C}.Ad-Hoc|x64.ActiveCfg = Release|x64
		{65A163A5-8ADA-41DC-9CD8-C9BAD7A99B9C}.Ad-Hoc|x64.Build.0 = Release|x64
		{65A163A5-8ADA-41DC-9CD8-C9BAD7A99B9C}.Ad-Hoc|x64.Deploy.0 = Release|x64
		{65A163A5-8ADA-41DC-9CD8-C9BAD7A99B9C}.Ad-Hoc|x86.ActiveCfg = Release|x86
		{65A163A5-8ADA-41DC-9CD8-C9BAD7A99B9C}.Ad-Hoc|x86.Build.0 = Release|x86
		{65A163A5-8ADA-41DC-9CD8-C9BAD7A99B9C}.Ad-Hoc|x86.Deploy.0 = Release|x86
		{65A163A5-8ADA-41DC-9CD8-C9BAD7A99B9C}.AppStore|Any CPU.ActiveCfg = Release|Any CPU
		{65A163A5-8ADA-41DC-9CD8-C9BAD7A99B9C}.AppStore|Any CPU.Build.0 = Release|Any CPU
		{65A163A5-8ADA-41DC-9CD8-C9BAD7A99B9C}.AppStore|Any CPU.Deploy.0 = Release|Any CPU
		{65A163A5-8ADA-41DC-9CD8-C9BAD7A99B9C}.AppStore|ARM.ActiveCfg = Release|ARM
		{65A163A5-8ADA-41DC-9CD8-C9BAD7A99B9C}.AppStore|ARM.Build.0 = Release|ARM
		{65A163A5-8ADA-41DC-9CD8-C9BAD7A99B9C}.AppStore|ARM.Deploy.0 = Release|ARM
		{65A163A5-8ADA-41DC-9CD8-C9BAD7A99B9C}.AppStore|iPhone.ActiveCfg = Release|Any CPU
		{65A163A5-8ADA-41DC-9CD8-C9BAD7A99B9C}.AppStore|iPhone.Build.0 = Release|Any CPU
		{65A163A5-8ADA-41DC-9CD8-C9BAD7A99B9C}.AppStore|iPhone.Deploy.0 = Release|Any CPU
		{65A163A5-8ADA-41DC-9CD8-C9BAD7A99B9C}.AppStore|iPhoneSimulator.ActiveCfg = Release|Any CPU
		{65A163A5-8ADA-41DC-9CD8-C9BAD7A99B9C}.AppStore|iPhoneSimulator.Build.0 = Release|Any CPU
		{65A163A5-8ADA-41DC-9CD8-C9BAD7A99B9C}.AppStore|iPhoneSimulator.Deploy.0 = Release|Any CPU
		{65A163A5-8ADA-41DC-9CD8-C9BAD7A99B9C}.AppStore|x64.ActiveCfg = Release|x64
		{65A163A5-8ADA-41DC-9CD8-C9BAD7A99B9C}.AppStore|x64.Build.0 = Release|x64
		{65A163A5-8ADA-41DC-9CD8-C9BAD7A99B9C}.AppStore|x64.Deploy.0 = Release|x64
		{65A163A5-8ADA-41DC-9CD8-C9BAD7A99B9C}.AppStore|x86.ActiveCfg = Release|x86
		{65A163A5-8ADA-41DC-9CD8-C9BAD7A99B9C}.AppStore|x86.Build.0 = Release|x86
		{65A163A5-8ADA-41DC-9CD8-C9BAD7A99B9C}.AppStore|x86.Deploy.0 = Release|x86
		{65A163A5-8ADA-41DC-9CD8-C9BAD7A99B9C}.Debug|Any CPU.ActiveCfg = Debug|Any CPU
		{65A163A5-8ADA-41DC-9CD8-C9BAD7A99B9C}.Debug|Any CPU.Build.0 = Debug|Any CPU
		{65A163A5-8ADA-41DC-9CD8-C9BAD7A99B9C}.Debug|Any CPU.Deploy.0 = Debug|Any CPU
		{65A163A5-8ADA-41DC-9CD8-C9BAD7A99B9C}.Debug|ARM.ActiveCfg = Debug|ARM
		{65A163A5-8ADA-41DC-9CD8-C9BAD7A99B9C}.Debug|ARM.Build.0 = Debug|ARM
		{65A163A5-8ADA-41DC-9CD8-C9BAD7A99B9C}.Debug|ARM.Deploy.0 = Debug|ARM
		{65A163A5-8ADA-41DC-9CD8-C9BAD7A99B9C}.Debug|iPhone.ActiveCfg = Debug|Any CPU
		{65A163A5-8ADA-41DC-9CD8-C9BAD7A99B9C}.Debug|iPhone.Build.0 = Debug|Any CPU
		{65A163A5-8ADA-41DC-9CD8-C9BAD7A99B9C}.Debug|iPhone.Deploy.0 = Debug|Any CPU
		{65A163A5-8ADA-41DC-9CD8-C9BAD7A99B9C}.Debug|iPhoneSimulator.ActiveCfg = Debug|Any CPU
		{65A163A5-8ADA-41DC-9CD8-C9BAD7A99B9C}.Debug|iPhoneSimulator.Build.0 = Debug|Any CPU
		{65A163A5-8ADA-41DC-9CD8-C9BAD7A99B9C}.Debug|iPhoneSimulator.Deploy.0 = Debug|Any CPU
		{65A163A5-8ADA-41DC-9CD8-C9BAD7A99B9C}.Debug|x64.ActiveCfg = Debug|x64
		{65A163A5-8ADA-41DC-9CD8-C9BAD7A99B9C}.Debug|x64.Build.0 = Debug|x64
		{65A163A5-8ADA-41DC-9CD8-C9BAD7A99B9C}.Debug|x64.Deploy.0 = Debug|x64
		{65A163A5-8ADA-41DC-9CD8-C9BAD7A99B9C}.Debug|x86.ActiveCfg = Debug|x86
		{65A163A5-8ADA-41DC-9CD8-C9BAD7A99B9C}.Debug|x86.Build.0 = Debug|x86
		{65A163A5-8ADA-41DC-9CD8-C9BAD7A99B9C}.Debug|x86.Deploy.0 = Debug|x86
		{65A163A5-8ADA-41DC-9CD8-C9BAD7A99B9C}.Release|Any CPU.ActiveCfg = Release|Any CPU
		{65A163A5-8ADA-41DC-9CD8-C9BAD7A99B9C}.Release|Any CPU.Build.0 = Release|Any CPU
		{65A163A5-8ADA-41DC-9CD8-C9BAD7A99B9C}.Release|Any CPU.Deploy.0 = Release|Any CPU
		{65A163A5-8ADA-41DC-9CD8-C9BAD7A99B9C}.Release|ARM.ActiveCfg = Release|ARM
		{65A163A5-8ADA-41DC-9CD8-C9BAD7A99B9C}.Release|ARM.Build.0 = Release|ARM
		{65A163A5-8ADA-41DC-9CD8-C9BAD7A99B9C}.Release|ARM.Deploy.0 = Release|ARM
		{65A163A5-8ADA-41DC-9CD8-C9BAD7A99B9C}.Release|iPhone.ActiveCfg = Release|Any CPU
		{65A163A5-8ADA-41DC-9CD8-C9BAD7A99B9C}.Release|iPhone.Build.0 = Release|Any CPU
		{65A163A5-8ADA-41DC-9CD8-C9BAD7A99B9C}.Release|iPhone.Deploy.0 = Release|Any CPU
		{65A163A5-8ADA-41DC-9CD8-C9BAD7A99B9C}.Release|iPhoneSimulator.ActiveCfg = Release|Any CPU
		{65A163A5-8ADA-41DC-9CD8-C9BAD7A99B9C}.Release|iPhoneSimulator.Build.0 = Release|Any CPU
		{65A163A5-8ADA-41DC-9CD8-C9BAD7A99B9C}.Release|iPhoneSimulator.Deploy.0 = Release|Any CPU
		{65A163A5-8ADA-41DC-9CD8-C9BAD7A99B9C}.Release|x64.ActiveCfg = Release|x64
		{65A163A5-8ADA-41DC-9CD8-C9BAD7A99B9C}.Release|x64.Build.0 = Release|x64
		{65A163A5-8ADA-41DC-9CD8-C9BAD7A99B9C}.Release|x64.Deploy.0 = Release|x64
		{65A163A5-8ADA-41DC-9CD8-C9BAD7A99B9C}.Release|x86.ActiveCfg = Release|x86
		{65A163A5-8ADA-41DC-9CD8-C9BAD7A99B9C}.Release|x86.Build.0 = Release|x86
		{65A163A5-8ADA-41DC-9CD8-C9BAD7A99B9C}.Release|x86.Deploy.0 = Release|x86
	EndGlobalSection
	GlobalSection(SolutionProperties) = preSolution
		HideSolutionNode = FALSE
	EndGlobalSection
EndGlobal
